# THIS IS AN AUTOGENERATED FILE. DO NOT EDIT THIS FILE DIRECTLY.
# yarn lockfile v1


"@babel/runtime@^7.14.0":
  version "7.15.3"
  resolved "https://registry.yarnpkg.com/@babel/runtime/-/runtime-7.15.3.tgz#2e1c2880ca118e5b2f9988322bd8a7656a32502b"
  integrity sha512-OvwMLqNXkCXSz1kSm58sEsNuhqOx/fKpnUnKnFB5v8uDda5bLNEHNgKPvhDN6IU0LDcnHQ90LlJ0Q6jnyBSIBA==
  dependencies:
    regenerator-runtime "^0.13.4"

"@types/history@*":
  version "4.7.9"
  resolved "https://registry.yarnpkg.com/@types/history/-/history-4.7.9.tgz#1cfb6d60ef3822c589f18e70f8b12f9a28ce8724"
  integrity sha512-MUc6zSmU3tEVnkQ78q0peeEjKWPUADMlC/t++2bI8WnAG2tvYRPIgHG8lWkXwqc8MsUF6Z2MOf+Mh5sazOmhiQ==

"@types/prop-types@*":
  version "15.7.4"
  resolved "https://registry.yarnpkg.com/@types/prop-types/-/prop-types-15.7.4.tgz#fcf7205c25dff795ee79af1e30da2c9790808f11"
  integrity sha512-rZ5drC/jWjrArrS8BR6SIr4cWpW09RNTYt9AMZo3Jwwif+iacXAqgVjm0B0Bv/S1jhDXKHqRVNCbACkJ89RAnQ==

"@types/react-router-dom@^5.1.8":
  version "5.1.8"
  resolved "https://registry.yarnpkg.com/@types/react-router-dom/-/react-router-dom-5.1.8.tgz#bf3e1c8149b3d62eaa206d58599de82df0241192"
  integrity sha512-03xHyncBzG0PmDmf8pf3rehtjY0NpUj7TIN46FrT5n1ZWHPZvXz32gUyNboJ+xsL8cpg8bQVLcllptcQHvocrw==
  dependencies:
    "@types/history" "*"
    "@types/react" "*"
    "@types/react-router" "*"

"@types/react-router@*":
  version "5.1.16"
  resolved "https://registry.yarnpkg.com/@types/react-router/-/react-router-5.1.16.tgz#f3ba045fb96634e38b21531c482f9aeb37608a99"
  integrity sha512-8d7nR/fNSqlTFGHti0R3F9WwIertOaaA1UEB8/jr5l5mDMOs4CidEgvvYMw4ivqrBK+vtVLxyTj2P+Pr/dtgzg==
  dependencies:
    "@types/history" "*"
    "@types/react" "*"

"@types/react@*":
  version "17.0.19"
  resolved "https://registry.yarnpkg.com/@types/react/-/react-17.0.19.tgz#8f2a85e8180a43b57966b237d26a29481dacc991"
  integrity sha512-sX1HisdB1/ZESixMTGnMxH9TDe8Sk709734fEQZzCV/4lSu9kJCPbo2PbTRoZM+53Pp0P10hYVyReUueGwUi4A==
  dependencies:
    "@types/prop-types" "*"
    "@types/scheduler" "*"
    csstype "^3.0.2"

"@types/scheduler@*":
  version "0.16.2"
  resolved "https://registry.yarnpkg.com/@types/scheduler/-/scheduler-0.16.2.tgz#1a62f89525723dde24ba1b01b092bf5df8ad4d39"
  integrity sha512-hppQEBDmlwhFAXKJX2KnWLYu5yMfi91yazPb2l+lbJiwW+wdo1gNeRA+3RgNSO39WYX2euey41KEwnqesU2Jew==

csstype@^3.0.2:
  version "3.0.8"
  resolved "https://registry.yarnpkg.com/csstype/-/csstype-3.0.8.tgz#d2266a792729fb227cd216fb572f43728e1ad340"
  integrity sha512-jXKhWqXPmlUeoQnF/EhTtTl4C9SnrxSH/jZUih3jmO6lBKr99rP3/+FmrMj4EFpOXzMtXHAZkd3x0E6h6Fgflw==

react-flippy@^1.1.0:
  version "1.1.0"
  resolved "https://registry.yarnpkg.com/react-flippy/-/react-flippy-1.1.0.tgz#338035d8adeadfa8f2b2e2858723107fa557543d"
  integrity sha512-fMaHrGL2HeyYq4ohl65b4EZG5JAawL6NMSiSOhhI68l54nortHvJBqHi5DeR1sF44/4RN2jeNsBXSXuBnOj7Vg==
  dependencies:
    "@babel/runtime" "^7.14.0"

regenerator-runtime@^0.13.4:
  version "0.13.9"
  resolved "https://registry.yarnpkg.com/regenerator-runtime/-/regenerator-runtime-0.13.9.tgz#8925742a98ffd90814988d7566ad30ca3b263b52"
  integrity sha512-p3VT+cOEgxFsRRA9X4lkI1E+k2/CtnKtU4gcxyaCUreilL/vqI6CdZ3wxVUx3UOUg+gnUOQQcRI7BmSI656MYA==
